// !$*UTF8*$!
{
	archiveVersion = 1;
	classes = {
	};
	objectVersion = 50;
	objects = {

/* Begin PBXBuildFile section */
		4889CF162702FB39006E6B84 /* AppDelegate.swift in Sources */ = {isa = PBXBuildFile; fileRef = 4889CF152702FB39006E6B84 /* AppDelegate.swift */; };
		4889CF182702FB39006E6B84 /* SceneDelegate.swift in Sources */ = {isa = PBXBuildFile; fileRef = 4889CF172702FB39006E6B84 /* SceneDelegate.swift */; };
		4889CF1A2702FB39006E6B84 /* ViewController.swift in Sources */ = {isa = PBXBuildFile; fileRef = 4889CF192702FB39006E6B84 /* ViewController.swift */; };
		4889CF1D2702FB39006E6B84 /* Main.storyboard in Resources */ = {isa = PBXBuildFile; fileRef = 4889CF1B2702FB39006E6B84 /* Main.storyboard */; };
		4889CF1F2702FB3B006E6B84 /* Assets.xcassets in Resources */ = {isa = PBXBuildFile; fileRef = 4889CF1E2702FB3B006E6B84 /* Assets.xcassets */; };
		4889CF222702FB3B006E6B84 /* LaunchScreen.storyboard in Resources */ = {isa = PBXBuildFile; fileRef = 4889CF202702FB3B006E6B84 /* LaunchScreen.storyboard */; };
		4889CF2A2702FB6B006E6B84 /* AmountTextField.swift in Sources */ = {isa = PBXBuildFile; fileRef = 4889CF292702FB6B006E6B84 /* AmountTextField.swift */; };
/* End PBXBuildFile section */

/* Begin PBXFileReference section */
		4889CF122702FB39006E6B84 /* AmountTextField.app */ = {isa = PBXFileReference; explicitFileType = wrapper.application; includeInIndex = 0; path = AmountTextField.app; sourceTree = BUILT_PRODUCTS_DIR; };
		4889CF152702FB39006E6B84 /* AppDelegate.swift */ = {isa = PBXFileReference; lastKnownFileType = sourcecode.swift; path = AppDelegate.swift; sourceTree = "<group>"; };
		4889CF172702FB39006E6B84 /* SceneDelegate.swift */ = {isa = PBXFileReference; lastKnownFileType = sourcecode.swift; path = SceneDelegate.swift; sourceTree = "<group>"; };
		4889CF192702FB39006E6B84 /* ViewController.swift */ = {isa = PBXFileReference; lastKnownFileType = sourcecode.swift; path = ViewController.swift; sourceTree = "<group>"; };
		4889CF1C2702FB39006E6B84 /* Base */ = {isa = PBXFileReference; lastKnownFileType = file.storyboard; name = Base; path = Base.lproj/Main.storyboard; sourceTree = "<group>"; };
		4889CF1E2702FB3B006E6B84 /* Assets.xcassets */ = {isa = PBXFileReference; lastKnownFileType = folder.assetcatalog; path = Assets.xcassets; sourceTree = "<group>"; };
		4889CF212702FB3B006E6B84 /* Base */ = {isa = PBXFileReference; lastKnownFileType = file.storyboard; name = Base; path = Base.lproj/LaunchScreen.storyboard; sourceTree = "<group>"; };
		4889CF232702FB3B006E6B84 /* Info.plist */ = {isa = PBXFileReference; lastKnownFileType = text.plist.xml; path = Info.plist; sourceTree = "<group>"; };
		4889CF292702FB6B006E6B84 /* AmountTextField.swift */ = {isa = PBXFileReference; lastKnownFileType = sourcecode.swift; path = AmountTextField.swift; sourceTree = "<group>"; };
/* End PBXFileReference section */

/* Begin PBXFrameworksBuildPhase section */
		4889CF0F2702FB39006E6B84 /* Frameworks */ = {
			isa = PBXFrameworksBuildPhase;
			buildActionMask = 2147483647;
			files = (
			);
			runOnlyForDeploymentPostprocessing = 0;
		};
/* End PBXFrameworksBuildPhase section */

/* Begin PBXGroup section */
		4889CF092702FB39006E6B84 = {
			isa = PBXGroup;
			children = (
				4889CF142702FB39006E6B84 /* AmountTextField */,
				4889CF132702FB39006E6B84 /* Products */,
			);
			sourceTree = "<group>";
		};
		4889CF132702FB39006E6B84 /* Products */ = {
			isa = PBXGroup;
			children = (
				4889CF122702FB39006E6B84 /* AmountTextField.app */,
			);
			name = Products;
			sourceTree = "<group>";
		};
		4889CF142702FB39006E6B84 /* AmountTextField */ = {
			isa = PBXGroup;
			children = (
				4889CF152702FB39006E6B84 /* AppDelegate.swift */,
				4889CF172702FB39006E6B84 /* SceneDelegate.swift */,
				4889CF192702FB39006E6B84 /* ViewController.swift */,
				4889CF292702FB6B006E6B84 /* AmountTextField.swift */,
				4889CF1B2702FB39006E6B84 /* Main.storyboard */,
				4889CF1E2702FB3B006E6B84 /* Assets.xcassets */,
				4889CF202702FB3B006E6B84 /* LaunchScreen.storyboard */,
				4889CF232702FB3B006E6B84 /* Info.plist */,
			);
			path = AmountTextField;
			sourceTree = "<group>";
		};
/* End PBXGroup section */

/* Begin PBXNativeTarget section */
		4889CF112702FB39006E6B84 /* AmountTextField */ = {
			isa = PBXNativeTarget;
			buildConfigurationList = 4889CF262702FB3B006E6B84 /* Build configuration list for PBXNativeTarget "AmountTextField" */;
			buildPhases = (
				4889CF0E2702FB39006E6B84 /* Sources */,
				4889CF0F2702FB39006E6B84 /* Frameworks */,
				4889CF102702FB39006E6B84 /* Resources */,
			);
			buildRules = (
			);
			dependencies = (
			);
			name = AmountTextField;
			productName = AmountTextField;
			productReference = 4889CF122702FB39006E6B84 /* AmountTextField.app */;
			productType = "com.apple.product-type.application";
		};
/* End PBXNativeTarget section */

/* Begin PBXProject section */
		4889CF0A2702FB39006E6B84 /* Project object */ = {
			isa = PBXProject;
			attributes = {
				LastSwiftUpdateCheck = 1250;
				LastUpgradeCheck = 1250;
				TargetAttributes = {
					4889CF112702FB39006E6B84 = {
						CreatedOnToolsVersion = 12.5.1;
					};
				};
			};
			buildConfigurationList = 4889CF0D2702FB39006E6B84 /* Build configuration list for PBXProject "AmountTextField" */;
			compatibilityVersion = "Xcode 9.3";
			developmentRegion = en;
			hasScannedForEncodings = 0;
			knownRegions = (
				en,
				Base,
			);
			mainGroup = 4889CF092702FB39006E6B84;
			productRefGroup = 4889CF132702FB39006E6B84 /* Products */;
			projectDirPath = "";
			projectRoot = "";
			targets = (
				4889CF112702FB39006E6B84 /* AmountTextField */,
			);
		};
/* End PBXProject section */

/* Begin PBXResourcesBuildPhase section */
		4889CF102702FB39006E6B84 /* Resources */ = {
			isa = PBXResourcesBuildPhase;
			buildActionMask = 2147483647;
			files = (
				4889CF222702FB3B006E6B84 /* LaunchScreen.storyboard in Resources */,
				4889CF1F2702FB3B006E6B84 /* Assets.xcassets in Resources */,
				4889CF1D2702FB39006E6B84 /* Main.storyboard in Resources */,
			);
			runOnlyForDeploymentPostprocessing = 0;
		};
/* End PBXResourcesBuildPhase section */

/* Begin PBXSourcesBuildPhase section */
		4889CF0E2702FB39006E6B84 /* Sources */ = {
			isa = PBXSourcesBuildPhase;
			buildActionMask = 2147483647;
			files = (
				4889CF1A2702FB39006E6B84 /* ViewController.swift in Sources */,
				4889CF2A2702FB6B006E6B84 /* AmountTextField.swift in Sources */,
				4889CF162702FB39006E6B84 /* AppDelegate.swift in Sources */,
				4889CF182702FB39006E6B84 /* SceneDelegate.swift in Sources */,
			);
			runOnlyForDeploymentPostprocessing = 0;
		};
/* End PBXSourcesBuildPhase section */

/* Begin PBXVariantGroup section */
		4889CF1B2702FB39006E6B84 /* Main.storyboard */ = {
			isa = PBXVariantGroup;
			children = (
				4889CF1C2702FB39006E6B84 /* Base */,
			);
			name = Main.storyboard;
			sourceTree = "<group>";
		};
		4889CF202702FB3B006E6B84 /* LaunchScreen.storyboard */ = {
			isa = PBXVariantGroup;
			children = (
				4889CF212702FB3B006E6B84 /* Base */,
			);
			name = LaunchScreen.storyboard;
			sourceTree = "<group>";
		};
/* End PBXVariantGroup section */

/* Begin XCBuildConfiguration section */
		4889CF242702FB3B006E6B84 /* Debug */ = {
			isa = XCBuildConfiguration;
			buildSettings = {
				ALWAYS_SEARCH_USER_PATHS = NO;
				CLANG_ANALYZER_NONNULL = YES;
				CLANG_ANALYZER_NUMBER_OBJECT_CONVERSION = YES_AGGRESSIVE;
				CLANG_CXX_LANGUAGE_STANDARD = "gnu++14";
				CLANG_CXX_LIBRARY = "libc++";
				CLANG_ENABLE_MODULES = YES;
				CLANG_ENABLE_OBJC_ARC = YES;
				CLANG_ENABLE_OBJC_WEAK = YES;
				CLANG_WARN_BLOCK_CAPTURE_AUTORELEASING = YES;
				CLANG_WARN_BOOL_CONVERSION = YES;
				CLANG_WARN_COMMA = YES;
				CLANG_WARN_CONSTANT_CONVERSION = YES;
				CLANG_WARN_DEPRECATED_OBJC_IMPLEMENTATIONS = YES;
				CLANG_WARN_DIRECT_OBJC_ISA_USAGE = YES_ERROR;
				CLANG_WARN_DOCUMENTATION_COMMENTS = YES;
				CLANG_WARN_EMPTY_BODY = YES;
				CLANG_WARN_ENUM_CONVERSION = YES;
				CLANG_WARN_INFINITE_RECURSION = YES;
				CLANG_WARN_INT_CONVERSION = YES;
				CLANG_WARN_NON_LITERAL_NULL_CONVERSION = YES;
				CLANG_WARN_OBJC_IMPLICIT_RETAIN_SELF = YES;
				CLANG_WARN_OBJC_LITERAL_CONVERSION = YES;
				CLANG_WARN_OBJC_ROOT_CLASS = YES_ERROR;
				CLANG_WARN_QUOTED_INCLUDE_IN_FRAMEWORK_HEADER = YES;
				CLANG_WARN_RANGE_LOOP_ANALYSIS = YES;
				CLANG_WARN_STRICT_PROTOTYPES = YES;
				CLANG_WARN_SUSPICIOUS_MOVE = YES;
				CLANG_WARN_UNGUARDED_AVAILABILITY = YES_AGGRESSIVE;
				CLANG_WARN_UNREACHABLE_CODE = YES;
				CLANG_WARN__DUPLICATE_METHOD_MATCH = YES;
				COPY_PHASE_STRIP = NO;
				DEBUG_INFORMATION_FORMAT = dwarf;
				ENABLE_STRICT_OBJC_MSGSEND = YES;
				ENABLE_TESTABILITY = YES;
				GCC_C_LANGUAGE_STANDARD = gnu11;
				GCC_DYNAMIC_NO_PIC = NO;
				GCC_NO_COMMON_BLOCKS = YES;
				GCC_OPTIMIZATION_LEVEL = 0;
				GCC_PREPROCESSOR_DEFINITIONS = (
					"DEBUG=1",
					"$(inherited)",
				);
				GCC_WARN_64_TO_32_BIT_CONVERSION = YES;
				GCC_WARN_ABOUT_RETURN_TYPE = YES_ERROR;
				GCC_WARN_UNDECLARED_SELECTOR = YES;
				GCC_WARN_UNINITIALIZED_AUTOS = YES_AGGRESSIVE;
				GCC_WARN_UNUSED_FUNCTION = YES;
				GCC_WARN_UNUSED_VARIABLE = YES;
				IPHONEOS_DEPLOYMENT_TARGET = 14.5;
				MTL_ENABLE_DEBUG_INFO = INCLUDE_SOURCE;
				MTL_FAST_MATH = YES;
				ONLY_ACTIVE_ARCH = YES;
				SDKROOT = iphoneos;
				SWIFT_ACTIVE_COMPILATION_CONDITIONS = DEBUG;
				SWIFT_OPTIMIZATION_LEVEL = "-Onone";
			};
			name = Debug;
		};
		4889CF252702FB3B006E6B84 /* Release */ = {
			isa = XCBuildConfiguration;
			buildSettings = {
				ALWAYS_SEARCH_USER_PATHS = NO;
				CLANG_ANALYZER_NONNULL = YES;
				CLANG_ANALYZER_NUMBER_OBJECT_CONVERSION = YES_AGGRESSIVE;
				CLANG_CXX_LANGUAGE_STANDARD = "gnu++14";
				CLANG_CXX_LIBRARY = "libc++";
				CLANG_ENABLE_MODULES = YES;
				CLANG_ENABLE_OBJC_ARC = YES;
				CLANG_ENABLE_OBJC_WEAK = YES;
				CLANG_WARN_BLOCK_CAPTURE_AUTORELEASING = YES;
				CLANG_WARN_BOOL_CONVERSION = YES;
				CLANG_WARN_COMMA = YES;
				CLANG_WARN_CONSTANT_CONVERSION = YES;
				CLANG_WARN_DEPRECATED_OBJC_IMPLEMENTATIONS = YES;
				CLANG_WARN_DIRECT_OBJC_ISA_USAGE = YES_ERROR;
				CLANG_WARN_DOCUMENTATION_COMMENTS = YES;
				CLANG_WARN_EMPTY_BODY = YES;
				CLANG_WARN_ENUM_CONVERSION = YES;
				CLANG_WARN_INFINITE_RECURSION = YES;
				CLANG_WARN_INT_CONVERSION = YES;
				CLANG_WARN_NON_LITERAL_NULL_CONVERSION = YES;
				CLANG_WARN_OBJC_IMPLICIT_RETAIN_SELF = YES;
				CLANG_WARN_OBJC_LITERAL_CONVERSION = YES;
				CLANG_WARN_OBJC_ROOT_CLASS = YES_ERROR;
				CLANG_WARN_QUOTED_INCLUDE_IN_FRAMEWORK_HEADER = YES;
				CLANG_WARN_RANGE_LOOP_ANALYSIS = YES;
				CLANG_WARN_STRICT_PROTOTYPES = YES;
				CLANG_WARN_SUSPICIOUS_MOVE = YES;
				CLANG_WARN_UNGUARDED_AVAILABILITY = YES_AGGRESSIVE;
				CLANG_WARN_UNREACHABLE_CODE = YES;
				CLANG_WARN__DUPLICATE_METHOD_MATCH = YES;
				COPY_PHASE_STRIP = NO;
				DEBUG_INFORMATION_FORMAT = "dwarf-with-dsym";
				ENABLE_NS_ASSERTIONS = NO;
				ENABLE_STRICT_OBJC_MSGSEND = YES;
				GCC_C_LANGUAGE_STANDARD = gnu11;
				GCC_NO_COMMON_BLOCKS = YES;
				GCC_WARN_64_TO_32_BIT_CONVERSION = YES;
				GCC_WARN_ABOUT_RETURN_TYPE = YES_ERROR;
				GCC_WARN_UNDECLARED_SELECTOR = YES;
				GCC_WARN_UNINITIALIZED_AUTOS = YES_AGGRESSIVE;
				GCC_WARN_UNUSED_FUNCTION = YES;
				GCC_WARN_UNUSED_VARIABLE = YES;
				IPHONEOS_DEPLOYMENT_TARGET = 14.5;
				MTL_ENABLE_DEBUG_INFO = NO;
				MTL_FAST_MATH = YES;
				SDKROOT = iphoneos;
				SWIFT_COMPILATION_MODE = wholemodule;
				SWIFT_OPTIMIZATION_LEVEL = "-O";
				VALIDATE_PRODUCT = YES;
			};
			name = Release;
		};
		4889CF272702FB3B006E6B84 /* Debug */ = {
			isa = XCBuildConfiguration;
			buildSettings = {
				ASSETCATALOG_COMPILER_APPICON_NAME = AppIcon;
				ASSETCATALOG_COMPILER_GLOBAL_ACCENT_COLOR_NAME = AccentColor;
				CODE_SIGN_STYLE = Automatic;
				INFOPLIST_FILE = AmountTextField/Info.plist;
				LD_RUNPATH_SEARCH_PATHS = (
					"$(inherited)",
					"@executable_path/Frameworks",
				);
				PRODUCT_BUNDLE_IDENTIFIER = test.AmountTextField;
				PRODUCT_NAME = "$(TARGET_NAME)";
				SWIFT_VERSION = 5.0;
				TARGETED_DEVICE_FAMILY = "1,2";
			};
			name = Debug;
		};
		4889CF282702FB3B006E6B84 /* Release */ = {
			isa = XCBuildConfiguration;
			buildSettings = {
				ASSETCATALOG_COMPILER_APPICON_NAME = AppIcon;
				ASSETCATALOG_COMPILER_GLOBAL_ACCENT_COLOR_NAME = AccentColor;
				CODE_SIGN_STYLE = Automatic;
				INFOPLIST_FILE = AmountTextField/Info.plist;
				LD_RUNPATH_SEARCH_PATHS = (
					"$(inherited)",
					"@executable_path/Frameworks",
				);
				PRODUCT_BUNDLE_IDENTIFIER = test.AmountTextField;
				PRODUCT_NAME = "$(TARGET_NAME)";
				SWIFT_VERSION = 5.0;
				TARGETED_DEVICE_FAMILY = "1,2";
			};
			name = Release;
		};
/* End XCBuildConfiguration section */

/* Begin XCConfigurationList section */
		4889CF0D2702FB39006E6B84 /* Build configuration list for PBXProject "AmountTextField" */ = {
			isa = XCConfigurationList;
			buildConfigurations = (
				4889CF242702FB3B006E6B84 /* Debug */,
				4889CF252702FB3B006E6B84 /* Release */,
			);
			defaultConfigurationIsVisible = 0;
			defaultConfigurationName = Release;
		};
		4889CF262702FB3B006E6B84 /* Build configuration list for PBXNativeTarget "AmountTextField" */ = {
			isa = XCConfigurationList;
			buildConfigurations = (
				4889CF272702FB3B006E6B84 /* Debug */,
				4889CF282702FB3B006E6B84 /* Release */,
			);
			defaultConfigurationIsVisible = 0;
			defaultConfigurationName = Release;
		};
/* End XCConfigurationList section */
	};
	rootObject = 4889CF0A2702FB39006E6B84 /* Project object */;
}
